
Microsoft Visual Studio Solution File, Format Version 12.00
# Visual Studio Version 17
VisualStudioVersion = 17.4.33213.308
MinimumVisualStudioVersion = 10.0.40219.1
Project("{FAE04EC0-301F-11D3-BF4B-00C04F79EFBC}") = "AlterDSRerun", "AlterDSRerun.csproj", "{E3C81966-2614-4BA8-AF5A-4D6DD1D9570C}"
EndProject
Project("{FAE04EC0-301F-11D3-BF4B-00C04F79EFBC}") = "AlterDSRerunTestConsole", "..\AlterDSRerunTestConsole\AlterDSRerunTestConsole.csproj", "{E208EA9C-C9D1-4A1F-BC76-CD2C150A34F1}"
EndProject
Project("{FAE04EC0-301F-11D3-BF4B-00C04F79EFBC}") = "AlterDSLib", "..\AlterDSLib\AlterDSLib.csproj", "{12894214-62AD-47FB-B795-FD7D0D5412E1}"
EndProject
Global
	GlobalSection(SolutionConfigurationPlatforms) = preSolution
		Debug|Any CPU = Debug|Any CPU
		Release|Any CPU = Release|Any CPU
	EndGlobalSection
	GlobalSection(ProjectConfigurationPlatforms) = postSolution
		{E3C81966-2614-4BA8-AF5A-4D6DD1D9570C}.Debug|Any CPU.ActiveCfg = Debug|Any CPU
		{E3C81966-2614-4BA8-AF5A-4D6DD1D9570C}.Debug|Any CPU.Build.0 = Debug|Any CPU
		{E3C81966-2614-4BA8-AF5A-4D6DD1D9570C}.Release|Any CPU.ActiveCfg = Release|Any CPU
		{E3C81966-2614-4BA8-AF5A-4D6DD1D9570C}.Release|Any CPU.Build.0 = Release|Any CPU
		{E208EA9C-C9D1-4A1F-BC76-CD2C150A34F1}.Debug|Any CPU.ActiveCfg = Debug|Any CPU
		{E208EA9C-C9D1-4A1F-BC76-CD2C150A34F1}.Debug|Any CPU.Build.0 = Debug|Any CPU
		{E208EA9C-C9D1-4A1F-BC76-CD2C150A34F1}.Release|Any CPU.ActiveCfg = Release|Any CPU
		{E208EA9C-C9D1-4A1F-BC76-CD2C150A34F1}.Release|Any CPU.Build.0 = Release|Any CPU
		{12894214-62AD-47FB-B795-FD7D0D5412E1}.Debug|Any CPU.ActiveCfg = Debug|Any CPU
		{12894214-62AD-47FB-B795-FD7D0D5412E1}.Debug|Any CPU.Build.0 = Debug|Any CPU
		{12894214-62AD-47FB-B795-FD7D0D5412E1}.Release|Any CPU.ActiveCfg = Release|Any CPU
		{12894214-62AD-47FB-B795-FD7D0D5412E1}.Release|Any CPU.Build.0 = Release|Any CPU
	EndGlobalSection
	GlobalSection(SolutionProperties) = preSolution
		HideSolutionNode = FALSE
	EndGlobalSection
	GlobalSection(ExtensibilityGlobals) = postSolution
		SolutionGuid = {13F6403A-E37C-4436-8C8C-5AEE47E138C9}
	EndGlobalSection
EndGlobal
