
Microsoft Visual Studio Solution File, Format Version 12.00
# Visual Studio Version 17
VisualStudioVersion = 17.4.33213.308
MinimumVisualStudioVersion = 10.0.40219.1
Project("{FAE04EC0-301F-11D3-BF4B-00C04F79EFBC}") = "AlterDsRerun", "AlterDsRerun.csproj", "{4E2316C4-B768-459C-BC07-CF570A632C01}"
EndProject
Project("{9A19103F-16F7-4668-BE54-9A1E7A4F7556}") = "AlterDSLib", "\\aw-bartow-fs1\MyDocs\Jragasa\My Documents\repo\AlterDsRerun\AlterDSLib\AlterDSLib.csproj", "{5FB64C36-B407-4CF1-8662-8FC705A94152}"
EndProject
Project("{FAE04EC0-301F-11D3-BF4B-00C04F79EFBC}") = "TestConsole", "..\TestConsole\TestConsole.csproj", "{DEE3F67D-0AC5-4C99-9CCC-FF455BD979A0}"
EndProject
Global
	GlobalSection(SolutionConfigurationPlatforms) = preSolution
		Debug|Any CPU = Debug|Any CPU
		Release|Any CPU = Release|Any CPU
	EndGlobalSection
	GlobalSection(ProjectConfigurationPlatforms) = postSolution
		{4E2316C4-B768-459C-BC07-CF570A632C01}.Debug|Any CPU.ActiveCfg = Debug|Any CPU
		{4E2316C4-B768-459C-BC07-CF570A632C01}.Debug|Any CPU.Build.0 = Debug|Any CPU
		{4E2316C4-B768-459C-BC07-CF570A632C01}.Release|Any CPU.ActiveCfg = Release|Any CPU
		{4E2316C4-B768-459C-BC07-CF570A632C01}.Release|Any CPU.Build.0 = Release|Any CPU
		{5FB64C36-B407-4CF1-8662-8FC705A94152}.Debug|Any CPU.ActiveCfg = Debug|Any CPU
		{5FB64C36-B407-4CF1-8662-8FC705A94152}.Debug|Any CPU.Build.0 = Debug|Any CPU
		{5FB64C36-B407-4CF1-8662-8FC705A94152}.Release|Any CPU.ActiveCfg = Release|Any CPU
		{5FB64C36-B407-4CF1-8662-8FC705A94152}.Release|Any CPU.Build.0 = Release|Any CPU
		{DEE3F67D-0AC5-4C99-9CCC-FF455BD979A0}.Debug|Any CPU.ActiveCfg = Debug|Any CPU
		{DEE3F67D-0AC5-4C99-9CCC-FF455BD979A0}.Debug|Any CPU.Build.0 = Debug|Any CPU
		{DEE3F67D-0AC5-4C99-9CCC-FF455BD979A0}.Release|Any CPU.ActiveCfg = Release|Any CPU
		{DEE3F67D-0AC5-4C99-9CCC-FF455BD979A0}.Release|Any CPU.Build.0 = Release|Any CPU
	EndGlobalSection
	GlobalSection(SolutionProperties) = preSolution
		HideSolutionNode = FALSE
	EndGlobalSection
	GlobalSection(ExtensibilityGlobals) = postSolution
		SolutionGuid = {B66D1B81-4449-4B21-91C0-52EC032FA0BF}
	EndGlobalSection
EndGlobal
